<Solution>
  <Project Path="Avalonia.CustomControlsDemo/Avalonia.CustomControlsDemo.csproj" />
  <Project Path="Avalonia.DataBindingDemo/Avalonia.DataBindingDemo.csproj" />
  <Project Path="Avalonia.DataTemplatesDemo/Avalonia.DataTemplatesDemo.csproj" />
  <Project Path="Avalonia.EventsDemo/Avalonia.EventsDemo.csproj" />
  <Project Path="Avalonia.FundamentalsDemo/Avalonia.FundamentalsDemo.csproj" />
  <Project Path="Avalonia.GraphicsDemo/Avalonia.GraphicsDemo.csproj" />
  <Project Path="Avalonia.HtmlRendererDemo/Avalonia.HtmlRendererDemo.csproj" />
  <Project Path="Avalonia.InputDemo/Avalonia.InputDemo.csproj" />
  <Project Path="Avalonia.LayoutDemo/Avalonia.LayoutDemo.csproj" />
  <Project Path="Avalonia.MusicStore/Avalonia.MusicStore.csproj" />
  <Project Path="Avalonia.PropertySystemDemo/Avalonia.PropertySystemDemo.csproj" />
  <Project Path="Avalonia.Shared/Avalonia.Shared.csproj" />
  <Project Path="Avalonia.StylingDemo/Avalonia.StylingDemo.csproj" />
  <Project Path="Avalonia.WebViewDemo/Avalonia.WebViewDemo.csproj" />
  <Project Path="Avalonia.XamlDemo/Avalonia.XamlDemo.csproj" />
</Solution>
