<Solution>
  <Project Path="Avalonia.DataTemplateDemo/Avalonia.DataTemplateDemo.csproj" />
  <Project Path="Avalonia.HtmlRendererDemo/Avalonia.HtmlRendererDemo.csproj" />
  <Project Path="Avalonia.MusicStore/Avalonia.MusicStore.csproj" />
  <Project Path="Avalonia.Shared/Avalonia.Shared.csproj" />
  <Project Path="Avalonia.WebViewDemo/Avalonia.WebViewDemo.csproj" />
</Solution>
